{
  "name": "food-app",
  "lockfileVersion": 3,
  "requires": true,
  "packages": {
    "": {
      "dependencies": {
        "vnpay": "^2.5.0"
      }
    },
    "node_modules/dayjs": {
      "version": "1.11.20",
      "resolved": "https://registry.npmjs.org/dayjs/-/dayjs-1.11.20.tgz",
      "integrity": "sha512-YbwwqR/uYpeoP4pu043q+LTDLFBLApUP6VxRihdfNTqu4ubqMlGDLd6ErXhEgsyvY0K6nCs7nggYumAN+9uEuQ==",
      "license": "MIT"
    },
    "node_modules/vnpay": {
      "version": "2.5.0",
      "resolved": "https://registry.npmjs.org/vnpay/-/vnpay-2.5.0.tgz",
      "integrity": "sha512-kyUYxG0pyEnRu/ha0gSVqkPCajmql523W2PQzgCkH4ct4XdEuzdiQnssi/k9XMcv+TvoPzuweEJG+4hWNU2DAQ==",
      "license": "MIT",
      "dependencies": {
        "dayjs": "^1.11.13"
      }
    }
  }
}
